
Microsoft Visual Studio Solution File, Format Version 12.00
# Visual Studio 15
VisualStudioVersion = 15.0.26730.16
MinimumVisualStudioVersion = 10.0.40219.1
Project("{FAE04EC0-301F-11D3-BF4B-00C04F79EFBC}") = "WebBanHang", "WebBanHang\WebBanHang.csproj", "{531B1EFC-B233-493A-B9EC-9025129AE561}"
EndProject
Global
	GlobalSection(SolutionConfigurationPlatforms) = preSolution
		Debug|Any CPU = Debug|Any CPU
		Release|Any CPU = Release|Any CPU
	EndGlobalSection
	GlobalSection(ProjectConfigurationPlatforms) = postSolution
		{531B1EFC-B233-493A-B9EC-9025129AE561}.Debug|Any CPU.ActiveCfg = Debug|Any CPU
		{531B1EFC-B233-493A-B9EC-9025129AE561}.Debug|Any CPU.Build.0 = Debug|Any CPU
		{531B1EFC-B233-493A-B9EC-9025129AE561}.Release|Any CPU.ActiveCfg = Release|Any CPU
		{531B1EFC-B233-493A-B9EC-9025129AE561}.Release|Any CPU.Build.0 = Release|Any CPU
	EndGlobalSection
	GlobalSection(SolutionProperties) = preSolution
		HideSolutionNode = FALSE
	EndGlobalSection
	GlobalSection(ExtensibilityGlobals) = postSolution
		SolutionGuid = {04C1C0E4-A84D-43BC-8F0E-7FDB56E0AFDE}
	EndGlobalSection
EndGlobal
